// !$*UTF8*$!
{
	archiveVersion = 1;
	classes = {
	};
	objectVersion = 50;
	objects = {

/* Begin PBXBuildFile section */
		610EB379215A695C00B2ECC0 /* AppDelegate.swift in Sources */ = {isa = PBXBuildFile; fileRef = 610EB378215A695C00B2ECC0 /* AppDelegate.swift */; };
		610EB37B215A695C00B2ECC0 /* TodueListViewController.swift in Sources */ = {isa = PBXBuildFile; fileRef = 610EB37A215A695C00B2ECC0 /* TodueListViewController.swift */; };
		610EB37E215A695C00B2ECC0 /* Main.storyboard in Resources */ = {isa = PBXBuildFile; fileRef = 610EB37C215A695C00B2ECC0 /* Main.storyboard */; };
		610EB380215A695E00B2ECC0 /* Assets.xcassets in Resources */ = {isa = PBXBuildFile; fileRef = 610EB37F215A695E00B2ECC0 /* Assets.xcassets */; };
		610EB383215A695E00B2ECC0 /* LaunchScreen.storyboard in Resources */ = {isa = PBXBuildFile; fileRef = 610EB381215A695E00B2ECC0 /* LaunchScreen.storyboard */; };
		610EB394215CE18E00B2ECC0 /* DataModel.xcdatamodeld in Sources */ = {isa = PBXBuildFile; fileRef = 610EB392215CE18E00B2ECC0 /* DataModel.xcdatamodeld */; };
		610EB3B7215D2BA900B2ECC0 /* CategoryViewController.swift in Sources */ = {isa = PBXBuildFile; fileRef = 610EB3B6215D2BA900B2ECC0 /* CategoryViewController.swift */; };
		659007A2928206B6979A186F /* Pods_Todue.framework in Frameworks */ = {isa = PBXBuildFile; fileRef = 05379F110FEB53AACAA69F60 /* Pods_Todue.framework */; };
/* End PBXBuildFile section */

/* Begin PBXFileReference section */
		05379F110FEB53AACAA69F60 /* Pods_Todue.framework */ = {isa = PBXFileReference; explicitFileType = wrapper.framework; includeInIndex = 0; path = Pods_Todue.framework; sourceTree = BUILT_PRODUCTS_DIR; };
		2C3D51F975C07046CCF9178F /* Pods-Todue.debug.xcconfig */ = {isa = PBXFileReference; includeInIndex = 1; lastKnownFileType = text.xcconfig; name = "Pods-Todue.debug.xcconfig"; path = "Pods/Target Support Files/Pods-Todue/Pods-Todue.debug.xcconfig"; sourceTree = "<group>"; };
		610EB375215A695C00B2ECC0 /* Todue.app */ = {isa = PBXFileReference; explicitFileType = wrapper.application; includeInIndex = 0; path = Todue.app; sourceTree = BUILT_PRODUCTS_DIR; };
		610EB378215A695C00B2ECC0 /* AppDelegate.swift */ = {isa = PBXFileReference; lastKnownFileType = sourcecode.swift; path = AppDelegate.swift; sourceTree = "<group>"; };
		610EB37A215A695C00B2ECC0 /* TodueListViewController.swift */ = {isa = PBXFileReference; lastKnownFileType = sourcecode.swift; path = TodueListViewController.swift; sourceTree = "<group>"; };
		610EB37D215A695C00B2ECC0 /* Base */ = {isa = PBXFileReference; lastKnownFileType = file.storyboard; name = Base; path = Base.lproj/Main.storyboard; sourceTree = "<group>"; };
		610EB37F215A695E00B2ECC0 /* Assets.xcassets */ = {isa = PBXFileReference; lastKnownFileType = folder.assetcatalog; path = Assets.xcassets; sourceTree = "<group>"; };
		610EB382215A695E00B2ECC0 /* Base */ = {isa = PBXFileReference; lastKnownFileType = file.storyboard; name = Base; path = Base.lproj/LaunchScreen.storyboard; sourceTree = "<group>"; };
		610EB384215A695E00B2ECC0 /* Info.plist */ = {isa = PBXFileReference; lastKnownFileType = text.plist.xml; path = Info.plist; sourceTree = "<group>"; };
		610EB393215CE18E00B2ECC0 /* DataModel.xcdatamodel */ = {isa = PBXFileReference; lastKnownFileType = wrapper.xcdatamodel; path = DataModel.xcdatamodel; sourceTree = "<group>"; };
		610EB3B6215D2BA900B2ECC0 /* CategoryViewController.swift */ = {isa = PBXFileReference; lastKnownFileType = sourcecode.swift; path = CategoryViewController.swift; sourceTree = "<group>"; };
		861A42B6252A9EAF29D346BC /* Pods-Todue.release.xcconfig */ = {isa = PBXFileReference; includeInIndex = 1; lastKnownFileType = text.xcconfig; name = "Pods-Todue.release.xcconfig"; path = "Pods/Target Support Files/Pods-Todue/Pods-Todue.release.xcconfig"; sourceTree = "<group>"; };
/* End PBXFileReference section */

/* Begin PBXFrameworksBuildPhase section */
		610EB372215A695C00B2ECC0 /* Frameworks */ = {
			isa = PBXFrameworksBuildPhase;
			buildActionMask = 2147483647;
			files = (
				659007A2928206B6979A186F /* Pods_Todue.framework in Frameworks */,
			);
			runOnlyForDeploymentPostprocessing = 0;
		};
/* End PBXFrameworksBuildPhase section */

/* Begin PBXGroup section */
		0CD2FA0581F109EC506F4A5F /* Frameworks */ = {
			isa = PBXGroup;
			children = (
				05379F110FEB53AACAA69F60 /* Pods_Todue.framework */,
			);
			name = Frameworks;
			sourceTree = "<group>";
		};
		610EB36C215A695C00B2ECC0 = {
			isa = PBXGroup;
			children = (
				610EB377215A695C00B2ECC0 /* Todue */,
				610EB376215A695C00B2ECC0 /* Products */,
				642D531D45EDDB24ECB9D1AC /* Pods */,
				0CD2FA0581F109EC506F4A5F /* Frameworks */,
			);
			sourceTree = "<group>";
		};
		610EB376215A695C00B2ECC0 /* Products */ = {
			isa = PBXGroup;
			children = (
				610EB375215A695C00B2ECC0 /* Todue.app */,
			);
			name = Products;
			sourceTree = "<group>";
		};
		610EB377215A695C00B2ECC0 /* Todue */ = {
			isa = PBXGroup;
			children = (
				610EB378215A695C00B2ECC0 /* AppDelegate.swift */,
				610EB38F215CC3CF00B2ECC0 /* Controllers */,
				610EB390215CC3F500B2ECC0 /* View */,
				610EB391215CC41D00B2ECC0 /* Supporting files */,
				610EB384215A695E00B2ECC0 /* Info.plist */,
				610EB38E215CC3B000B2ECC0 /* Data Model */,
			);
			path = Todue;
			sourceTree = "<group>";
		};
		610EB38E215CC3B000B2ECC0 /* Data Model */ = {
			isa = PBXGroup;
			children = (
				610EB392215CE18E00B2ECC0 /* DataModel.xcdatamodeld */,
			);
			path = "Data Model";
			sourceTree = "<group>";
		};
		610EB38F215CC3CF00B2ECC0 /* Controllers */ = {
			isa = PBXGroup;
			children = (
				610EB3B6215D2BA900B2ECC0 /* CategoryViewController.swift */,
				610EB37A215A695C00B2ECC0 /* TodueListViewController.swift */,
			);
			path = Controllers;
			sourceTree = "<group>";
		};
		610EB390215CC3F500B2ECC0 /* View */ = {
			isa = PBXGroup;
			children = (
				610EB37C215A695C00B2ECC0 /* Main.storyboard */,
			);
			path = View;
			sourceTree = "<group>";
		};
		610EB391215CC41D00B2ECC0 /* Supporting files */ = {
			isa = PBXGroup;
			children = (
				610EB37F215A695E00B2ECC0 /* Assets.xcassets */,
				610EB381215A695E00B2ECC0 /* LaunchScreen.storyboard */,
			);
			path = "Supporting files";
			sourceTree = "<group>";
		};
		642D531D45EDDB24ECB9D1AC /* Pods */ = {
			isa = PBXGroup;
			children = (
				2C3D51F975C07046CCF9178F /* Pods-Todue.debug.xcconfig */,
				861A42B6252A9EAF29D346BC /* Pods-Todue.release.xcconfig */,
			);
			name = Pods;
			sourceTree = "<group>";
		};
/* End PBXGroup section */

/* Begin PBXNativeTarget section */
		610EB374215A695C00B2ECC0 /* Todue */ = {
			isa = PBXNativeTarget;
			buildConfigurationList = 610EB387215A695E00B2ECC0 /* Build configuration list for PBXNativeTarget "Todue" */;
			buildPhases = (
				49FD5B2667E7144135F824F8 /* [CP] Check Pods Manifest.lock */,
				610EB371215A695C00B2ECC0 /* Sources */,
				610EB372215A695C00B2ECC0 /* Frameworks */,
				610EB373215A695C00B2ECC0 /* Resources */,
				0EB36F1288B33FF9DB63A753 /* [CP] Embed Pods Frameworks */,
			);
			buildRules = (
			);
			dependencies = (
			);
			name = Todue;
			productName = Todue;
			productReference = 610EB375215A695C00B2ECC0 /* Todue.app */;
			productType = "com.apple.product-type.application";
		};
/* End PBXNativeTarget section */

/* Begin PBXProject section */
		610EB36D215A695C00B2ECC0 /* Project object */ = {
			isa = PBXProject;
			attributes = {
				LastSwiftUpdateCheck = 0940;
				LastUpgradeCheck = 0940;
				ORGANIZATIONNAME = "David Torres";
				TargetAttributes = {
					610EB374215A695C00B2ECC0 = {
						CreatedOnToolsVersion = 9.4.1;
					};
				};
			};
			buildConfigurationList = 610EB370215A695C00B2ECC0 /* Build configuration list for PBXProject "Todue" */;
			compatibilityVersion = "Xcode 9.3";
			developmentRegion = en;
			hasScannedForEncodings = 0;
			knownRegions = (
				en,
				Base,
			);
			mainGroup = 610EB36C215A695C00B2ECC0;
			productRefGroup = 610EB376215A695C00B2ECC0 /* Products */;
			projectDirPath = "";
			projectRoot = "";
			targets = (
				610EB374215A695C00B2ECC0 /* Todue */,
			);
		};
/* End PBXProject section */

/* Begin PBXResourcesBuildPhase section */
		610EB373215A695C00B2ECC0 /* Resources */ = {
			isa = PBXResourcesBuildPhase;
			buildActionMask = 2147483647;
			files = (
				610EB383215A695E00B2ECC0 /* LaunchScreen.storyboard in Resources */,
				610EB380215A695E00B2ECC0 /* Assets.xcassets in Resources */,
				610EB37E215A695C00B2ECC0 /* Main.storyboard in Resources */,
			);
			runOnlyForDeploymentPostprocessing = 0;
		};
/* End PBXResourcesBuildPhase section */

/* Begin PBXShellScriptBuildPhase section */
		0EB36F1288B33FF9DB63A753 /* [CP] Embed Pods Frameworks */ = {
			isa = PBXShellScriptBuildPhase;
			buildActionMask = 2147483647;
			files = (
			);
			inputFileListPaths = (
			);
			inputPaths = (
				"${SRCROOT}/Pods/Target Support Files/Pods-Todue/Pods-Todue-frameworks.sh",
				"${BUILT_PRODUCTS_DIR}/Realm/Realm.framework",
				"${BUILT_PRODUCTS_DIR}/RealmSwift/RealmSwift.framework",
			);
			name = "[CP] Embed Pods Frameworks";
			outputFileListPaths = (
			);
			outputPaths = (
				"${TARGET_BUILD_DIR}/${FRAMEWORKS_FOLDER_PATH}/Realm.framework",
				"${TARGET_BUILD_DIR}/${FRAMEWORKS_FOLDER_PATH}/RealmSwift.framework",
			);
			runOnlyForDeploymentPostprocessing = 0;
			shellPath = /bin/sh;
			shellScript = "\"${SRCROOT}/Pods/Target Support Files/Pods-Todue/Pods-Todue-frameworks.sh\"\n";
			showEnvVarsInLog = 0;
		};
		49FD5B2667E7144135F824F8 /* [CP] Check Pods Manifest.lock */ = {
			isa = PBXShellScriptBuildPhase;
			buildActionMask = 2147483647;
			files = (
			);
			inputFileListPaths = (
			);
			inputPaths = (
				"${PODS_PODFILE_DIR_PATH}/Podfile.lock",
				"${PODS_ROOT}/Manifest.lock",
			);
			name = "[CP] Check Pods Manifest.lock";
			outputFileListPaths = (
			);
			outputPaths = (
				"$(DERIVED_FILE_DIR)/Pods-Todue-checkManifestLockResult.txt",
			);
			runOnlyForDeploymentPostprocessing = 0;
			shellPath = /bin/sh;
			shellScript = "diff \"${PODS_PODFILE_DIR_PATH}/Podfile.lock\" \"${PODS_ROOT}/Manifest.lock\" > /dev/null\nif [ $? != 0 ] ; then\n    # print error to STDERR\n    echo \"error: The sandbox is not in sync with the Podfile.lock. Run 'pod install' or update your CocoaPods installation.\" >&2\n    exit 1\nfi\n# This output is used by Xcode 'outputs' to avoid re-running this script phase.\necho \"SUCCESS\" > \"${SCRIPT_OUTPUT_FILE_0}\"\n";
			showEnvVarsInLog = 0;
		};
/* End PBXShellScriptBuildPhase section */

/* Begin PBXSourcesBuildPhase section */
		610EB371215A695C00B2ECC0 /* Sources */ = {
			isa = PBXSourcesBuildPhase;
			buildActionMask = 2147483647;
			files = (
				610EB3B7215D2BA900B2ECC0 /* CategoryViewController.swift in Sources */,
				610EB37B215A695C00B2ECC0 /* TodueListViewController.swift in Sources */,
				610EB394215CE18E00B2ECC0 /* DataModel.xcdatamodeld in Sources */,
				610EB379215A695C00B2ECC0 /* AppDelegate.swift in Sources */,
			);
			runOnlyForDeploymentPostprocessing = 0;
		};
/* End PBXSourcesBuildPhase section */

/* Begin PBXVariantGroup section */
		610EB37C215A695C00B2ECC0 /* Main.storyboard */ = {
			isa = PBXVariantGroup;
			children = (
				610EB37D215A695C00B2ECC0 /* Base */,
			);
			name = Main.storyboard;
			sourceTree = "<group>";
		};
		610EB381215A695E00B2ECC0 /* LaunchScreen.storyboard */ = {
			isa = PBXVariantGroup;
			children = (
				610EB382215A695E00B2ECC0 /* Base */,
			);
			name = LaunchScreen.storyboard;
			sourceTree = "<group>";
		};
/* End PBXVariantGroup section */

/* Begin XCBuildConfiguration section */
		610EB385215A695E00B2ECC0 /* Debug */ = {
			isa = XCBuildConfiguration;
			buildSettings = {
				ALWAYS_SEARCH_USER_PATHS = NO;
				CLANG_ANALYZER_NONNULL = YES;
				CLANG_ANALYZER_NUMBER_OBJECT_CONVERSION = YES_AGGRESSIVE;
				CLANG_CXX_LANGUAGE_STANDARD = "gnu++14";
				CLANG_CXX_LIBRARY = "libc++";
				CLANG_ENABLE_MODULES = YES;
				CLANG_ENABLE_OBJC_ARC = YES;
				CLANG_ENABLE_OBJC_WEAK = YES;
				CLANG_WARN_BLOCK_CAPTURE_AUTORELEASING = YES;
				CLANG_WARN_BOOL_CONVERSION = YES;
				CLANG_WARN_COMMA = YES;
				CLANG_WARN_CONSTANT_CONVERSION = YES;
				CLANG_WARN_DEPRECATED_OBJC_IMPLEMENTATIONS = YES;
				CLANG_WARN_DIRECT_OBJC_ISA_USAGE = YES_ERROR;
				CLANG_WARN_DOCUMENTATION_COMMENTS = YES;
				CLANG_WARN_EMPTY_BODY = YES;
				CLANG_WARN_ENUM_CONVERSION = YES;
				CLANG_WARN_INFINITE_RECURSION = YES;
				CLANG_WARN_INT_CONVERSION = YES;
				CLANG_WARN_NON_LITERAL_NULL_CONVERSION = YES;
				CLANG_WARN_OBJC_IMPLICIT_RETAIN_SELF = YES;
				CLANG_WARN_OBJC_LITERAL_CONVERSION = YES;
				CLANG_WARN_OBJC_ROOT_CLASS = YES_ERROR;
				CLANG_WARN_RANGE_LOOP_ANALYSIS = YES;
				CLANG_WARN_STRICT_PROTOTYPES = YES;
				CLANG_WARN_SUSPICIOUS_MOVE = YES;
				CLANG_WARN_UNGUARDED_AVAILABILITY = YES_AGGRESSIVE;
				CLANG_WARN_UNREACHABLE_CODE = YES;
				CLANG_WARN__DUPLICATE_METHOD_MATCH = YES;
				CODE_SIGN_IDENTITY = "iPhone Developer";
				COPY_PHASE_STRIP = NO;
				DEBUG_INFORMATION_FORMAT = dwarf;
				ENABLE_STRICT_OBJC_MSGSEND = YES;
				ENABLE_TESTABILITY = YES;
				GCC_C_LANGUAGE_STANDARD = gnu11;
				GCC_DYNAMIC_NO_PIC = NO;
				GCC_NO_COMMON_BLOCKS = YES;
				GCC_OPTIMIZATION_LEVEL = 0;
				GCC_PREPROCESSOR_DEFINITIONS = (
					"DEBUG=1",
					"$(inherited)",
				);
				GCC_WARN_64_TO_32_BIT_CONVERSION = YES;
				GCC_WARN_ABOUT_RETURN_TYPE = YES_ERROR;
				GCC_WARN_UNDECLARED_SELECTOR = YES;
				GCC_WARN_UNINITIALIZED_AUTOS = YES_AGGRESSIVE;
				GCC_WARN_UNUSED_FUNCTION = YES;
				GCC_WARN_UNUSED_VARIABLE = YES;
				IPHONEOS_DEPLOYMENT_TARGET = 11.4;
				MTL_ENABLE_DEBUG_INFO = YES;
				ONLY_ACTIVE_ARCH = YES;
				SDKROOT = iphoneos;
				SWIFT_ACTIVE_COMPILATION_CONDITIONS = DEBUG;
				SWIFT_OPTIMIZATION_LEVEL = "-Onone";
			};
			name = Debug;
		};
		610EB386215A695E00B2ECC0 /* Release */ = {
			isa = XCBuildConfiguration;
			buildSettings = {
				ALWAYS_SEARCH_USER_PATHS = NO;
				CLANG_ANALYZER_NONNULL = YES;
				CLANG_ANALYZER_NUMBER_OBJECT_CONVERSION = YES_AGGRESSIVE;
				CLANG_CXX_LANGUAGE_STANDARD = "gnu++14";
				CLANG_CXX_LIBRARY = "libc++";
				CLANG_ENABLE_MODULES = YES;
				CLANG_ENABLE_OBJC_ARC = YES;
				CLANG_ENABLE_OBJC_WEAK = YES;
				CLANG_WARN_BLOCK_CAPTURE_AUTORELEASING = YES;
				CLANG_WARN_BOOL_CONVERSION = YES;
				CLANG_WARN_COMMA = YES;
				CLANG_WARN_CONSTANT_CONVERSION = YES;
				CLANG_WARN_DEPRECATED_OBJC_IMPLEMENTATIONS = YES;
				CLANG_WARN_DIRECT_OBJC_ISA_USAGE = YES_ERROR;
				CLANG_WARN_DOCUMENTATION_COMMENTS = YES;
				CLANG_WARN_EMPTY_BODY = YES;
				CLANG_WARN_ENUM_CONVERSION = YES;
				CLANG_WARN_INFINITE_RECURSION = YES;
				CLANG_WARN_INT_CONVERSION = YES;
				CLANG_WARN_NON_LITERAL_NULL_CONVERSION = YES;
				CLANG_WARN_OBJC_IMPLICIT_RETAIN_SELF = YES;
				CLANG_WARN_OBJC_LITERAL_CONVERSION = YES;
				CLANG_WARN_OBJC_ROOT_CLASS = YES_ERROR;
				CLANG_WARN_RANGE_LOOP_ANALYSIS = YES;
				CLANG_WARN_STRICT_PROTOTYPES = YES;
				CLANG_WARN_SUSPICIOUS_MOVE = YES;
				CLANG_WARN_UNGUARDED_AVAILABILITY = YES_AGGRESSIVE;
				CLANG_WARN_UNREACHABLE_CODE = YES;
				CLANG_WARN__DUPLICATE_METHOD_MATCH = YES;
				CODE_SIGN_IDENTITY = "iPhone Developer";
				COPY_PHASE_STRIP = NO;
				DEBUG_INFORMATION_FORMAT = "dwarf-with-dsym";
				ENABLE_NS_ASSERTIONS = NO;
				ENABLE_STRICT_OBJC_MSGSEND = YES;
				GCC_C_LANGUAGE_STANDARD = gnu11;
				GCC_NO_COMMON_BLOCKS = YES;
				GCC_WARN_64_TO_32_BIT_CONVERSION = YES;
				GCC_WARN_ABOUT_RETURN_TYPE = YES_ERROR;
				GCC_WARN_UNDECLARED_SELECTOR = YES;
				GCC_WARN_UNINITIALIZED_AUTOS = YES_AGGRESSIVE;
				GCC_WARN_UNUSED_FUNCTION = YES;
				GCC_WARN_UNUSED_VARIABLE = YES;
				IPHONEOS_DEPLOYMENT_TARGET = 11.4;
				MTL_ENABLE_DEBUG_INFO = NO;
				SDKROOT = iphoneos;
				SWIFT_COMPILATION_MODE = wholemodule;
				SWIFT_OPTIMIZATION_LEVEL = "-O";
				VALIDATE_PRODUCT = YES;
			};
			name = Release;
		};
		610EB388215A695E00B2ECC0 /* Debug */ = {
			isa = XCBuildConfiguration;
			baseConfigurationReference = 2C3D51F975C07046CCF9178F /* Pods-Todue.debug.xcconfig */;
			buildSettings = {
				ASSETCATALOG_COMPILER_APPICON_NAME = AppIcon;
				CODE_SIGN_STYLE = Automatic;
				DEVELOPMENT_TEAM = TR6KR953X5;
				INFOPLIST_FILE = Todue/Info.plist;
				LD_RUNPATH_SEARCH_PATHS = (
					"$(inherited)",
					"@executable_path/Frameworks",
				);
				PRODUCT_BUNDLE_IDENTIFIER = com.davidtorres1.Todue;
				PRODUCT_NAME = "$(TARGET_NAME)";
				SWIFT_VERSION = 4.0;
				TARGETED_DEVICE_FAMILY = "1,2";
			};
			name = Debug;
		};
		610EB389215A695E00B2ECC0 /* Release */ = {
			isa = XCBuildConfiguration;
			baseConfigurationReference = 861A42B6252A9EAF29D346BC /* Pods-Todue.release.xcconfig */;
			buildSettings = {
				ASSETCATALOG_COMPILER_APPICON_NAME = AppIcon;
				CODE_SIGN_STYLE = Automatic;
				DEVELOPMENT_TEAM = TR6KR953X5;
				INFOPLIST_FILE = Todue/Info.plist;
				LD_RUNPATH_SEARCH_PATHS = (
					"$(inherited)",
					"@executable_path/Frameworks",
				);
				PRODUCT_BUNDLE_IDENTIFIER = com.davidtorres1.Todue;
				PRODUCT_NAME = "$(TARGET_NAME)";
				SWIFT_VERSION = 4.0;
				TARGETED_DEVICE_FAMILY = "1,2";
			};
			name = Release;
		};
/* End XCBuildConfiguration section */

/* Begin XCConfigurationList section */
		610EB370215A695C00B2ECC0 /* Build configuration list for PBXProject "Todue" */ = {
			isa = XCConfigurationList;
			buildConfigurations = (
				610EB385215A695E00B2ECC0 /* Debug */,
				610EB386215A695E00B2ECC0 /* Release */,
			);
			defaultConfigurationIsVisible = 0;
			defaultConfigurationName = Release;
		};
		610EB387215A695E00B2ECC0 /* Build configuration list for PBXNativeTarget "Todue" */ = {
			isa = XCConfigurationList;
			buildConfigurations = (
				610EB388215A695E00B2ECC0 /* Debug */,
				610EB389215A695E00B2ECC0 /* Release */,
			);
			defaultConfigurationIsVisible = 0;
			defaultConfigurationName = Release;
		};
/* End XCConfigurationList section */

/* Begin XCVersionGroup section */
		610EB392215CE18E00B2ECC0 /* DataModel.xcdatamodeld */ = {
			isa = XCVersionGroup;
			children = (
				610EB393215CE18E00B2ECC0 /* DataModel.xcdatamodel */,
			);
			currentVersion = 610EB393215CE18E00B2ECC0 /* DataModel.xcdatamodel */;
			path = DataModel.xcdatamodeld;
			sourceTree = "<group>";
			versionGroupType = wrapper.xcdatamodel;
		};
/* End XCVersionGroup section */
	};
	rootObject = 610EB36D215A695C00B2ECC0 /* Project object */;
}
